
Microsoft Visual Studio Solution File, Format Version 12.00
# Visual Studio 14
VisualStudioVersion = 14.0.25420.1
MinimumVisualStudioVersion = 10.0.40219.1
Project("{2150E333-8FDC-42A3-9474-1A3956D46DE8}") = "src", "src", "{87CADF12-7DDA-4D80-908B-19CCC7943678}"
EndProject
Project("{2150E333-8FDC-42A3-9474-1A3956D46DE8}") = "Solution Items", "Solution Items", "{6B986F7C-6F4D-4339-99AD-B328762BF582}"
	ProjectSection(SolutionItems) = preProject
		global.json = global.json
	EndProjectSection
EndProject
Project("{8BB2217D-0F2D-49D1-97BC-3654ED321F3B}") = "BWSC", "src\WebApplication4\BWSC.xproj", "{FD74551E-F080-4E6B-B8C2-791E2DE9F8A5}"
EndProject
Global
	GlobalSection(SolutionConfigurationPlatforms) = preSolution
		Debug|Any CPU = Debug|Any CPU
		Release|Any CPU = Release|Any CPU
	EndGlobalSection
	GlobalSection(ProjectConfigurationPlatforms) = postSolution
		{FD74551E-F080-4E6B-B8C2-791E2DE9F8A5}.Debug|Any CPU.ActiveCfg = Debug|Any CPU
		{FD74551E-F080-4E6B-B8C2-791E2DE9F8A5}.Debug|Any CPU.Build.0 = Debug|Any CPU
		{FD74551E-F080-4E6B-B8C2-791E2DE9F8A5}.Release|Any CPU.ActiveCfg = Release|Any CPU
		{FD74551E-F080-4E6B-B8C2-791E2DE9F8A5}.Release|Any CPU.Build.0 = Release|Any CPU
	EndGlobalSection
	GlobalSection(SolutionProperties) = preSolution
		HideSolutionNode = FALSE
	EndGlobalSection
	GlobalSection(NestedProjects) = preSolution
		{FD74551E-F080-4E6B-B8C2-791E2DE9F8A5} = {87CADF12-7DDA-4D80-908B-19CCC7943678}
	EndGlobalSection
EndGlobal
